// !$*UTF8*$!
{
	archiveVersion = 1;
	classes = {
	};
	objectVersion = 56;
	objects = {

/* Begin PBXBuildFile section */
		48539AC92A95191D006C188F /* OmadaHealthProjectApp.swift in Sources */ = {isa = PBXBuildFile; fileRef = 48539AC82A95191D006C188F /* OmadaHealthProjectApp.swift */; };
		48539ACB2A95191D006C188F /* ContentView.swift in Sources */ = {isa = PBXBuildFile; fileRef = 48539ACA2A95191D006C188F /* ContentView.swift */; };
		48539ACD2A95191F006C188F /* Assets.xcassets in Resources */ = {isa = PBXBuildFile; fileRef = 48539ACC2A95191F006C188F /* Assets.xcassets */; };
		48539AD02A95191F006C188F /* Preview Assets.xcassets in Resources */ = {isa = PBXBuildFile; fileRef = 48539ACF2A95191F006C188F /* Preview Assets.xcassets */; };
		48539ADA2A95191F006C188F /* OmadaHealthProjectTests.swift in Sources */ = {isa = PBXBuildFile; fileRef = 48539AD92A95191F006C188F /* OmadaHealthProjectTests.swift */; };
		48539AE42A95191F006C188F /* OmadaHealthProjectUITests.swift in Sources */ = {isa = PBXBuildFile; fileRef = 48539AE32A95191F006C188F /* OmadaHealthProjectUITests.swift */; };
		48539AE62A95191F006C188F /* OmadaHealthProjectUITestsLaunchTests.swift in Sources */ = {isa = PBXBuildFile; fileRef = 48539AE52A95191F006C188F /* OmadaHealthProjectUITestsLaunchTests.swift */; };
/* End PBXBuildFile section */

/* Begin PBXContainerItemProxy section */
		48539AD62A95191F006C188F /* PBXContainerItemProxy */ = {
			isa = PBXContainerItemProxy;
			containerPortal = 48539ABD2A95191D006C188F /* Project object */;
			proxyType = 1;
			remoteGlobalIDString = 48539AC42A95191D006C188F;
			remoteInfo = OmadaHealthProject;
		};
		48539AE02A95191F006C188F /* PBXContainerItemProxy */ = {
			isa = PBXContainerItemProxy;
			containerPortal = 48539ABD2A95191D006C188F /* Project object */;
			proxyType = 1;
			remoteGlobalIDString = 48539AC42A95191D006C188F;
			remoteInfo = OmadaHealthProject;
		};
/* End PBXContainerItemProxy section */

/* Begin PBXFileReference section */
		48539AC52A95191D006C188F /* OmadaHealthProject.app */ = {isa = PBXFileReference; explicitFileType = wrapper.application; includeInIndex = 0; path = OmadaHealthProject.app; sourceTree = BUILT_PRODUCTS_DIR; };
		48539AC82A95191D006C188F /* OmadaHealthProjectApp.swift */ = {isa = PBXFileReference; lastKnownFileType = sourcecode.swift; path = OmadaHealthProjectApp.swift; sourceTree = "<group>"; };
		48539ACA2A95191D006C188F /* ContentView.swift */ = {isa = PBXFileReference; lastKnownFileType = sourcecode.swift; path = ContentView.swift; sourceTree = "<group>"; };
		48539ACC2A95191F006C188F /* Assets.xcassets */ = {isa = PBXFileReference; lastKnownFileType = folder.assetcatalog; path = Assets.xcassets; sourceTree = "<group>"; };
		48539ACF2A95191F006C188F /* Preview Assets.xcassets */ = {isa = PBXFileReference; lastKnownFileType = folder.assetcatalog; path = "Preview Assets.xcassets"; sourceTree = "<group>"; };
		48539AD52A95191F006C188F /* OmadaHealthProjectTests.xctest */ = {isa = PBXFileReference; explicitFileType = wrapper.cfbundle; includeInIndex = 0; path = OmadaHealthProjectTests.xctest; sourceTree = BUILT_PRODUCTS_DIR; };
		48539AD92A95191F006C188F /* OmadaHealthProjectTests.swift */ = {isa = PBXFileReference; lastKnownFileType = sourcecode.swift; path = OmadaHealthProjectTests.swift; sourceTree = "<group>"; };
		48539ADF2A95191F006C188F /* OmadaHealthProjectUITests.xctest */ = {isa = PBXFileReference; explicitFileType = wrapper.cfbundle; includeInIndex = 0; path = OmadaHealthProjectUITests.xctest; sourceTree = BUILT_PRODUCTS_DIR; };
		48539AE32A95191F006C188F /* OmadaHealthProjectUITests.swift */ = {isa = PBXFileReference; lastKnownFileType = sourcecode.swift; path = OmadaHealthProjectUITests.swift; sourceTree = "<group>"; };
		48539AE52A95191F006C188F /* OmadaHealthProjectUITestsLaunchTests.swift */ = {isa = PBXFileReference; lastKnownFileType = sourcecode.swift; path = OmadaHealthProjectUITestsLaunchTests.swift; sourceTree = "<group>"; };
/* End PBXFileReference section */

/* Begin PBXFrameworksBuildPhase section */
		48539AC22A95191D006C188F /* Frameworks */ = {
			isa = PBXFrameworksBuildPhase;
			buildActionMask = 2147483647;
			files = (
			);
			runOnlyForDeploymentPostprocessing = 0;
		};
		48539AD22A95191F006C188F /* Frameworks */ = {
			isa = PBXFrameworksBuildPhase;
			buildActionMask = 2147483647;
			files = (
			);
			runOnlyForDeploymentPostprocessing = 0;
		};
		48539ADC2A95191F006C188F /* Frameworks */ = {
			isa = PBXFrameworksBuildPhase;
			buildActionMask = 2147483647;
			files = (
			);
			runOnlyForDeploymentPostprocessing = 0;
		};
/* End PBXFrameworksBuildPhase section */

/* Begin PBXGroup section */
		48539ABC2A95191D006C188F = {
			isa = PBXGroup;
			children = (
				48539AC72A95191D006C188F /* OmadaHealthProject */,
				48539AD82A95191F006C188F /* OmadaHealthProjectTests */,
				48539AE22A95191F006C188F /* OmadaHealthProjectUITests */,
				48539AC62A95191D006C188F /* Products */,
			);
			sourceTree = "<group>";
		};
		48539AC62A95191D006C188F /* Products */ = {
			isa = PBXGroup;
			children = (
				48539AC52A95191D006C188F /* OmadaHealthProject.app */,
				48539AD52A95191F006C188F /* OmadaHealthProjectTests.xctest */,
				48539ADF2A95191F006C188F /* OmadaHealthProjectUITests.xctest */,
			);
			name = Products;
			sourceTree = "<group>";
		};
		48539AC72A95191D006C188F /* OmadaHealthProject */ = {
			isa = PBXGroup;
			children = (
				48539AC82A95191D006C188F /* OmadaHealthProjectApp.swift */,
				48539ACA2A95191D006C188F /* ContentView.swift */,
				48539ACC2A95191F006C188F /* Assets.xcassets */,
				48539ACE2A95191F006C188F /* Preview Content */,
			);
			path = OmadaHealthProject;
			sourceTree = "<group>";
		};
		48539ACE2A95191F006C188F /* Preview Content */ = {
			isa = PBXGroup;
			children = (
				48539ACF2A95191F006C188F /* Preview Assets.xcassets */,
			);
			path = "Preview Content";
			sourceTree = "<group>";
		};
		48539AD82A95191F006C188F /* OmadaHealthProjectTests */ = {
			isa = PBXGroup;
			children = (
				48539AD92A95191F006C188F /* OmadaHealthProjectTests.swift */,
			);
			path = OmadaHealthProjectTests;
			sourceTree = "<group>";
		};
		48539AE22A95191F006C188F /* OmadaHealthProjectUITests */ = {
			isa = PBXGroup;
			children = (
				48539AE32A95191F006C188F /* OmadaHealthProjectUITests.swift */,
				48539AE52A95191F006C188F /* OmadaHealthProjectUITestsLaunchTests.swift */,
			);
			path = OmadaHealthProjectUITests;
			sourceTree = "<group>";
		};
/* End PBXGroup section */

/* Begin PBXNativeTarget section */
		48539AC42A95191D006C188F /* OmadaHealthProject */ = {
			isa = PBXNativeTarget;
			buildConfigurationList = 48539AE92A95191F006C188F /* Build configuration list for PBXNativeTarget "OmadaHealthProject" */;
			buildPhases = (
				48539AC12A95191D006C188F /* Sources */,
				48539AC22A95191D006C188F /* Frameworks */,
				48539AC32A95191D006C188F /* Resources */,
			);
			buildRules = (
			);
			dependencies = (
			);
			name = OmadaHealthProject;
			productName = OmadaHealthProject;
			productReference = 48539AC52A95191D006C188F /* OmadaHealthProject.app */;
			productType = "com.apple.product-type.application";
		};
		48539AD42A95191F006C188F /* OmadaHealthProjectTests */ = {
			isa = PBXNativeTarget;
			buildConfigurationList = 48539AEC2A95191F006C188F /* Build configuration list for PBXNativeTarget "OmadaHealthProjectTests" */;
			buildPhases = (
				48539AD12A95191F006C188F /* Sources */,
				48539AD22A95191F006C188F /* Frameworks */,
				48539AD32A95191F006C188F /* Resources */,
			);
			buildRules = (
			);
			dependencies = (
				48539AD72A95191F006C188F /* PBXTargetDependency */,
			);
			name = OmadaHealthProjectTests;
			productName = OmadaHealthProjectTests;
			productReference = 48539AD52A95191F006C188F /* OmadaHealthProjectTests.xctest */;
			productType = "com.apple.product-type.bundle.unit-test";
		};
		48539ADE2A95191F006C188F /* OmadaHealthProjectUITests */ = {
			isa = PBXNativeTarget;
			buildConfigurationList = 48539AEF2A95191F006C188F /* Build configuration list for PBXNativeTarget "OmadaHealthProjectUITests" */;
			buildPhases = (
				48539ADB2A95191F006C188F /* Sources */,
				48539ADC2A95191F006C188F /* Frameworks */,
				48539ADD2A95191F006C188F /* Resources */,
			);
			buildRules = (
			);
			dependencies = (
				48539AE12A95191F006C188F /* PBXTargetDependency */,
			);
			name = OmadaHealthProjectUITests;
			productName = OmadaHealthProjectUITests;
			productReference = 48539ADF2A95191F006C188F /* OmadaHealthProjectUITests.xctest */;
			productType = "com.apple.product-type.bundle.ui-testing";
		};
/* End PBXNativeTarget section */

/* Begin PBXProject section */
		48539ABD2A95191D006C188F /* Project object */ = {
			isa = PBXProject;
			attributes = {
				BuildIndependentTargetsInParallel = 1;
				LastSwiftUpdateCheck = 1430;
				LastUpgradeCheck = 1430;
				TargetAttributes = {
					48539AC42A95191D006C188F = {
						CreatedOnToolsVersion = 14.3.1;
					};
					48539AD42A95191F006C188F = {
						CreatedOnToolsVersion = 14.3.1;
						TestTargetID = 48539AC42A95191D006C188F;
					};
					48539ADE2A95191F006C188F = {
						CreatedOnToolsVersion = 14.3.1;
						TestTargetID = 48539AC42A95191D006C188F;
					};
				};
			};
			buildConfigurationList = 48539AC02A95191D006C188F /* Build configuration list for PBXProject "OmadaHealthProject" */;
			compatibilityVersion = "Xcode 14.0";
			developmentRegion = en;
			hasScannedForEncodings = 0;
			knownRegions = (
				en,
				Base,
			);
			mainGroup = 48539ABC2A95191D006C188F;
			productRefGroup = 48539AC62A95191D006C188F /* Products */;
			projectDirPath = "";
			projectRoot = "";
			targets = (
				48539AC42A95191D006C188F /* OmadaHealthProject */,
				48539AD42A95191F006C188F /* OmadaHealthProjectTests */,
				48539ADE2A95191F006C188F /* OmadaHealthProjectUITests */,
			);
		};
/* End PBXProject section */

/* Begin PBXResourcesBuildPhase section */
		48539AC32A95191D006C188F /* Resources */ = {
			isa = PBXResourcesBuildPhase;
			buildActionMask = 2147483647;
			files = (
				48539AD02A95191F006C188F /* Preview Assets.xcassets in Resources */,
				48539ACD2A95191F006C188F /* Assets.xcassets in Resources */,
			);
			runOnlyForDeploymentPostprocessing = 0;
		};
		48539AD32A95191F006C188F /* Resources */ = {
			isa = PBXResourcesBuildPhase;
			buildActionMask = 2147483647;
			files = (
			);
			runOnlyForDeploymentPostprocessing = 0;
		};
		48539ADD2A95191F006C188F /* Resources */ = {
			isa = PBXResourcesBuildPhase;
			buildActionMask = 2147483647;
			files = (
			);
			runOnlyForDeploymentPostprocessing = 0;
		};
/* End PBXResourcesBuildPhase section */

/* Begin PBXSourcesBuildPhase section */
		48539AC12A95191D006C188F /* Sources */ = {
			isa = PBXSourcesBuildPhase;
			buildActionMask = 2147483647;
			files = (
				48539ACB2A95191D006C188F /* ContentView.swift in Sources */,
				48539AC92A95191D006C188F /* OmadaHealthProjectApp.swift in Sources */,
			);
			runOnlyForDeploymentPostprocessing = 0;
		};
		48539AD12A95191F006C188F /* Sources */ = {
			isa = PBXSourcesBuildPhase;
			buildActionMask = 2147483647;
			files = (
				48539ADA2A95191F006C188F /* OmadaHealthProjectTests.swift in Sources */,
			);
			runOnlyForDeploymentPostprocessing = 0;
		};
		48539ADB2A95191F006C188F /* Sources */ = {
			isa = PBXSourcesBuildPhase;
			buildActionMask = 2147483647;
			files = (
				48539AE42A95191F006C188F /* OmadaHealthProjectUITests.swift in Sources */,
				48539AE62A95191F006C188F /* OmadaHealthProjectUITestsLaunchTests.swift in Sources */,
			);
			runOnlyForDeploymentPostprocessing = 0;
		};
/* End PBXSourcesBuildPhase section */

/* Begin PBXTargetDependency section */
		48539AD72A95191F006C188F /* PBXTargetDependency */ = {
			isa = PBXTargetDependency;
			target = 48539AC42A95191D006C188F /* OmadaHealthProject */;
			targetProxy = 48539AD62A95191F006C188F /* PBXContainerItemProxy */;
		};
		48539AE12A95191F006C188F /* PBXTargetDependency */ = {
			isa = PBXTargetDependency;
			target = 48539AC42A95191D006C188F /* OmadaHealthProject */;
			targetProxy = 48539AE02A95191F006C188F /* PBXContainerItemProxy */;
		};
/* End PBXTargetDependency section */

/* Begin XCBuildConfiguration section */
		48539AE72A95191F006C188F /* Debug */ = {
			isa = XCBuildConfiguration;
			buildSettings = {
				ALWAYS_SEARCH_USER_PATHS = NO;
				CLANG_ANALYZER_NONNULL = YES;
				CLANG_ANALYZER_NUMBER_OBJECT_CONVERSION = YES_AGGRESSIVE;
				CLANG_CXX_LANGUAGE_STANDARD = "gnu++20";
				CLANG_ENABLE_MODULES = YES;
				CLANG_ENABLE_OBJC_ARC = YES;
				CLANG_ENABLE_OBJC_WEAK = YES;
				CLANG_WARN_BLOCK_CAPTURE_AUTORELEASING = YES;
				CLANG_WARN_BOOL_CONVERSION = YES;
				CLANG_WARN_COMMA = YES;
				CLANG_WARN_CONSTANT_CONVERSION = YES;
				CLANG_WARN_DEPRECATED_OBJC_IMPLEMENTATIONS = YES;
				CLANG_WARN_DIRECT_OBJC_ISA_USAGE = YES_ERROR;
				CLANG_WARN_DOCUMENTATION_COMMENTS = YES;
				CLANG_WARN_EMPTY_BODY = YES;
				CLANG_WARN_ENUM_CONVERSION = YES;
				CLANG_WARN_INFINITE_RECURSION = YES;
				CLANG_WARN_INT_CONVERSION = YES;
				CLANG_WARN_NON_LITERAL_NULL_CONVERSION = YES;
				CLANG_WARN_OBJC_IMPLICIT_RETAIN_SELF = YES;
				CLANG_WARN_OBJC_LITERAL_CONVERSION = YES;
				CLANG_WARN_OBJC_ROOT_CLASS = YES_ERROR;
				CLANG_WARN_QUOTED_INCLUDE_IN_FRAMEWORK_HEADER = YES;
				CLANG_WARN_RANGE_LOOP_ANALYSIS = YES;
				CLANG_WARN_STRICT_PROTOTYPES = YES;
				CLANG_WARN_SUSPICIOUS_MOVE = YES;
				CLANG_WARN_UNGUARDED_AVAILABILITY = YES_AGGRESSIVE;
				CLANG_WARN_UNREACHABLE_CODE = YES;
				CLANG_WARN__DUPLICATE_METHOD_MATCH = YES;
				COPY_PHASE_STRIP = NO;
				DEBUG_INFORMATION_FORMAT = dwarf;
				ENABLE_STRICT_OBJC_MSGSEND = YES;
				ENABLE_TESTABILITY = YES;
				GCC_C_LANGUAGE_STANDARD = gnu11;
				GCC_DYNAMIC_NO_PIC = NO;
				GCC_NO_COMMON_BLOCKS = YES;
				GCC_OPTIMIZATION_LEVEL = 0;
				GCC_PREPROCESSOR_DEFINITIONS = (
					"DEBUG=1",
					"$(inherited)",
				);
				GCC_WARN_64_TO_32_BIT_CONVERSION = YES;
				GCC_WARN_ABOUT_RETURN_TYPE = YES_ERROR;
				GCC_WARN_UNDECLARED_SELECTOR = YES;
				GCC_WARN_UNINITIALIZED_AUTOS = YES_AGGRESSIVE;
				GCC_WARN_UNUSED_FUNCTION = YES;
				GCC_WARN_UNUSED_VARIABLE = YES;
				IPHONEOS_DEPLOYMENT_TARGET = 16.4;
				MTL_ENABLE_DEBUG_INFO = INCLUDE_SOURCE;
				MTL_FAST_MATH = YES;
				ONLY_ACTIVE_ARCH = YES;
				SDKROOT = iphoneos;
				SWIFT_ACTIVE_COMPILATION_CONDITIONS = DEBUG;
				SWIFT_OPTIMIZATION_LEVEL = "-Onone";
			};
			name = Debug;
		};
		48539AE82A95191F006C188F /* Release */ = {
			isa = XCBuildConfiguration;
			buildSettings = {
				ALWAYS_SEARCH_USER_PATHS = NO;
				CLANG_ANALYZER_NONNULL = YES;
				CLANG_ANALYZER_NUMBER_OBJECT_CONVERSION = YES_AGGRESSIVE;
				CLANG_CXX_LANGUAGE_STANDARD = "gnu++20";
				CLANG_ENABLE_MODULES = YES;
				CLANG_ENABLE_OBJC_ARC = YES;
				CLANG_ENABLE_OBJC_WEAK = YES;
				CLANG_WARN_BLOCK_CAPTURE_AUTORELEASING = YES;
				CLANG_WARN_BOOL_CONVERSION = YES;
				CLANG_WARN_COMMA = YES;
				CLANG_WARN_CONSTANT_CONVERSION = YES;
				CLANG_WARN_DEPRECATED_OBJC_IMPLEMENTATIONS = YES;
				CLANG_WARN_DIRECT_OBJC_ISA_USAGE = YES_ERROR;
				CLANG_WARN_DOCUMENTATION_COMMENTS = YES;
				CLANG_WARN_EMPTY_BODY = YES;
				CLANG_WARN_ENUM_CONVERSION = YES;
				CLANG_WARN_INFINITE_RECURSION = YES;
				CLANG_WARN_INT_CONVERSION = YES;
				CLANG_WARN_NON_LITERAL_NULL_CONVERSION = YES;
				CLANG_WARN_OBJC_IMPLICIT_RETAIN_SELF = YES;
				CLANG_WARN_OBJC_LITERAL_CONVERSION = YES;
				CLANG_WARN_OBJC_ROOT_CLASS = YES_ERROR;
				CLANG_WARN_QUOTED_INCLUDE_IN_FRAMEWORK_HEADER = YES;
				CLANG_WARN_RANGE_LOOP_ANALYSIS = YES;
				CLANG_WARN_STRICT_PROTOTYPES = YES;
				CLANG_WARN_SUSPICIOUS_MOVE = YES;
				CLANG_WARN_UNGUARDED_AVAILABILITY = YES_AGGRESSIVE;
				CLANG_WARN_UNREACHABLE_CODE = YES;
				CLANG_WARN__DUPLICATE_METHOD_MATCH = YES;
				COPY_PHASE_STRIP = NO;
				DEBUG_INFORMATION_FORMAT = "dwarf-with-dsym";
				ENABLE_NS_ASSERTIONS = NO;
				ENABLE_STRICT_OBJC_MSGSEND = YES;
				GCC_C_LANGUAGE_STANDARD = gnu11;
				GCC_NO_COMMON_BLOCKS = YES;
				GCC_WARN_64_TO_32_BIT_CONVERSION = YES;
				GCC_WARN_ABOUT_RETURN_TYPE = YES_ERROR;
				GCC_WARN_UNDECLARED_SELECTOR = YES;
				GCC_WARN_UNINITIALIZED_AUTOS = YES_AGGRESSIVE;
				GCC_WARN_UNUSED_FUNCTION = YES;
				GCC_WARN_UNUSED_VARIABLE = YES;
				IPHONEOS_DEPLOYMENT_TARGET = 16.4;
				MTL_ENABLE_DEBUG_INFO = NO;
				MTL_FAST_MATH = YES;
				SDKROOT = iphoneos;
				SWIFT_COMPILATION_MODE = wholemodule;
				SWIFT_OPTIMIZATION_LEVEL = "-O";
				VALIDATE_PRODUCT = YES;
			};
			name = Release;
		};
		48539AEA2A95191F006C188F /* Debug */ = {
			isa = XCBuildConfiguration;
			buildSettings = {
				ASSETCATALOG_COMPILER_APPICON_NAME = AppIcon;
				ASSETCATALOG_COMPILER_GLOBAL_ACCENT_COLOR_NAME = AccentColor;
				CODE_SIGN_STYLE = Automatic;
				CURRENT_PROJECT_VERSION = 1;
				DEVELOPMENT_ASSET_PATHS = "\"OmadaHealthProject/Preview Content\"";
				DEVELOPMENT_TEAM = ZUTQ2SDKNS;
				ENABLE_PREVIEWS = YES;
				GENERATE_INFOPLIST_FILE = YES;
				INFOPLIST_KEY_UIApplicationSceneManifest_Generation = YES;
				INFOPLIST_KEY_UIApplicationSupportsIndirectInputEvents = YES;
				INFOPLIST_KEY_UILaunchScreen_Generation = YES;
				INFOPLIST_KEY_UISupportedInterfaceOrientations_iPad = "UIInterfaceOrientationPortrait UIInterfaceOrientationPortraitUpsideDown UIInterfaceOrientationLandscapeLeft UIInterfaceOrientationLandscapeRight";
				INFOPLIST_KEY_UISupportedInterfaceOrientations_iPhone = "UIInterfaceOrientationPortrait UIInterfaceOrientationLandscapeLeft UIInterfaceOrientationLandscapeRight";
				LD_RUNPATH_SEARCH_PATHS = (
					"$(inherited)",
					"@executable_path/Frameworks",
				);
				MARKETING_VERSION = 1.0;
				PRODUCT_BUNDLE_IDENTIFIER = com.oliviakline.OmadaHealthProject;
				PRODUCT_NAME = "$(TARGET_NAME)";
				SWIFT_EMIT_LOC_STRINGS = YES;
				SWIFT_VERSION = 5.0;
				TARGETED_DEVICE_FAMILY = "1,2";
			};
			name = Debug;
		};
		48539AEB2A95191F006C188F /* Release */ = {
			isa = XCBuildConfiguration;
			buildSettings = {
				ASSETCATALOG_COMPILER_APPICON_NAME = AppIcon;
				ASSETCATALOG_COMPILER_GLOBAL_ACCENT_COLOR_NAME = AccentColor;
				CODE_SIGN_STYLE = Automatic;
				CURRENT_PROJECT_VERSION = 1;
				DEVELOPMENT_ASSET_PATHS = "\"OmadaHealthProject/Preview Content\"";
				DEVELOPMENT_TEAM = ZUTQ2SDKNS;
				ENABLE_PREVIEWS = YES;
				GENERATE_INFOPLIST_FILE = YES;
				INFOPLIST_KEY_UIApplicationSceneManifest_Generation = YES;
				INFOPLIST_KEY_UIApplicationSupportsIndirectInputEvents = YES;
				INFOPLIST_KEY_UILaunchScreen_Generation = YES;
				INFOPLIST_KEY_UISupportedInterfaceOrientations_iPad = "UIInterfaceOrientationPortrait UIInterfaceOrientationPortraitUpsideDown UIInterfaceOrientationLandscapeLeft UIInterfaceOrientationLandscapeRight";
				INFOPLIST_KEY_UISupportedInterfaceOrientations_iPhone = "UIInterfaceOrientationPortrait UIInterfaceOrientationLandscapeLeft UIInterfaceOrientationLandscapeRight";
				LD_RUNPATH_SEARCH_PATHS = (
					"$(inherited)",
					"@executable_path/Frameworks",
				);
				MARKETING_VERSION = 1.0;
				PRODUCT_BUNDLE_IDENTIFIER = com.oliviakline.OmadaHealthProject;
				PRODUCT_NAME = "$(TARGET_NAME)";
				SWIFT_EMIT_LOC_STRINGS = YES;
				SWIFT_VERSION = 5.0;
				TARGETED_DEVICE_FAMILY = "1,2";
			};
			name = Release;
		};
		48539AED2A95191F006C188F /* Debug */ = {
			isa = XCBuildConfiguration;
			buildSettings = {
				ALWAYS_EMBED_SWIFT_STANDARD_LIBRARIES = YES;
				BUNDLE_LOADER = "$(TEST_HOST)";
				CODE_SIGN_STYLE = Automatic;
				CURRENT_PROJECT_VERSION = 1;
				DEVELOPMENT_TEAM = ZUTQ2SDKNS;
				GENERATE_INFOPLIST_FILE = YES;
				IPHONEOS_DEPLOYMENT_TARGET = 16.4;
				MARKETING_VERSION = 1.0;
				PRODUCT_BUNDLE_IDENTIFIER = com.oliviakline.OmadaHealthProjectTests;
				PRODUCT_NAME = "$(TARGET_NAME)";
				SWIFT_EMIT_LOC_STRINGS = NO;
				SWIFT_VERSION = 5.0;
				TARGETED_DEVICE_FAMILY = "1,2";
				TEST_HOST = "$(BUILT_PRODUCTS_DIR)/OmadaHealthProject.app/$(BUNDLE_EXECUTABLE_FOLDER_PATH)/OmadaHealthProject";
			};
			name = Debug;
		};
		48539AEE2A95191F006C188F /* Release */ = {
			isa = XCBuildConfiguration;
			buildSettings = {
				ALWAYS_EMBED_SWIFT_STANDARD_LIBRARIES = YES;
				BUNDLE_LOADER = "$(TEST_HOST)";
				CODE_SIGN_STYLE = Automatic;
				CURRENT_PROJECT_VERSION = 1;
				DEVELOPMENT_TEAM = ZUTQ2SDKNS;
				GENERATE_INFOPLIST_FILE = YES;
				IPHONEOS_DEPLOYMENT_TARGET = 16.4;
				MARKETING_VERSION = 1.0;
				PRODUCT_BUNDLE_IDENTIFIER = com.oliviakline.OmadaHealthProjectTests;
				PRODUCT_NAME = "$(TARGET_NAME)";
				SWIFT_EMIT_LOC_STRINGS = NO;
				SWIFT_VERSION = 5.0;
				TARGETED_DEVICE_FAMILY = "1,2";
				TEST_HOST = "$(BUILT_PRODUCTS_DIR)/OmadaHealthProject.app/$(BUNDLE_EXECUTABLE_FOLDER_PATH)/OmadaHealthProject";
			};
			name = Release;
		};
		48539AF02A95191F006C188F /* Debug */ = {
			isa = XCBuildConfiguration;
			buildSettings = {
				ALWAYS_EMBED_SWIFT_STANDARD_LIBRARIES = YES;
				CODE_SIGN_STYLE = Automatic;
				CURRENT_PROJECT_VERSION = 1;
				DEVELOPMENT_TEAM = ZUTQ2SDKNS;
				GENERATE_INFOPLIST_FILE = YES;
				MARKETING_VERSION = 1.0;
				PRODUCT_BUNDLE_IDENTIFIER = com.oliviakline.OmadaHealthProjectUITests;
				PRODUCT_NAME = "$(TARGET_NAME)";
				SWIFT_EMIT_LOC_STRINGS = NO;
				SWIFT_VERSION = 5.0;
				TARGETED_DEVICE_FAMILY = "1,2";
				TEST_TARGET_NAME = OmadaHealthProject;
			};
			name = Debug;
		};
		48539AF12A95191F006C188F /* Release */ = {
			isa = XCBuildConfiguration;
			buildSettings = {
				ALWAYS_EMBED_SWIFT_STANDARD_LIBRARIES = YES;
				CODE_SIGN_STYLE = Automatic;
				CURRENT_PROJECT_VERSION = 1;
				DEVELOPMENT_TEAM = ZUTQ2SDKNS;
				GENERATE_INFOPLIST_FILE = YES;
				MARKETING_VERSION = 1.0;
				PRODUCT_BUNDLE_IDENTIFIER = com.oliviakline.OmadaHealthProjectUITests;
				PRODUCT_NAME = "$(TARGET_NAME)";
				SWIFT_EMIT_LOC_STRINGS = NO;
				SWIFT_VERSION = 5.0;
				TARGETED_DEVICE_FAMILY = "1,2";
				TEST_TARGET_NAME = OmadaHealthProject;
			};
			name = Release;
		};
/* End XCBuildConfiguration section */

/* Begin XCConfigurationList section */
		48539AC02A95191D006C188F /* Build configuration list for PBXProject "OmadaHealthProject" */ = {
			isa = XCConfigurationList;
			buildConfigurations = (
				48539AE72A95191F006C188F /* Debug */,
				48539AE82A95191F006C188F /* Release */,
			);
			defaultConfigurationIsVisible = 0;
			defaultConfigurationName = Release;
		};
		48539AE92A95191F006C188F /* Build configuration list for PBXNativeTarget "OmadaHealthProject" */ = {
			isa = XCConfigurationList;
			buildConfigurations = (
				48539AEA2A95191F006C188F /* Debug */,
				48539AEB2A95191F006C188F /* Release */,
			);
			defaultConfigurationIsVisible = 0;
			defaultConfigurationName = Release;
		};
		48539AEC2A95191F006C188F /* Build configuration list for PBXNativeTarget "OmadaHealthProjectTests" */ = {
			isa = XCConfigurationList;
			buildConfigurations = (
				48539AED2A95191F006C188F /* Debug */,
				48539AEE2A95191F006C188F /* Release */,
			);
			defaultConfigurationIsVisible = 0;
			defaultConfigurationName = Release;
		};
		48539AEF2A95191F006C188F /* Build configuration list for PBXNativeTarget "OmadaHealthProjectUITests" */ = {
			isa = XCConfigurationList;
			buildConfigurations = (
				48539AF02A95191F006C188F /* Debug */,
				48539AF12A95191F006C188F /* Release */,
			);
			defaultConfigurationIsVisible = 0;
			defaultConfigurationName = Release;
		};
/* End XCConfigurationList section */
	};
	rootObject = 48539ABD2A95191D006C188F /* Project object */;
}
